
Microsoft Visual Studio Solution File, Format Version 12.00
# Visual Studio Version 17
VisualStudioVersion = 17.13.35818.85 d17.13
MinimumVisualStudioVersion = 10.0.40219.1
Project("{FAE04EC0-301F-11D3-BF4B-00C04F79EFBC}") = "GuessTheNumberDebug", "GuessTheNumberDebug\GuessTheNumberDebug.csproj", "{46AC999C-810B-4A39-AF4F-622B2477A957}"
EndProject
Global
	GlobalSection(SolutionConfigurationPlatforms) = preSolution
		Debug|Any CPU = Debug|Any CPU
		Release|Any CPU = Release|Any CPU
	EndGlobalSection
	GlobalSection(ProjectConfigurationPlatforms) = postSolution
		{46AC999C-810B-4A39-AF4F-622B2477A957}.Debug|Any CPU.ActiveCfg = Debug|Any CPU
		{46AC999C-810B-4A39-AF4F-622B2477A957}.Debug|Any CPU.Build.0 = Debug|Any CPU
		{46AC999C-810B-4A39-AF4F-622B2477A957}.Release|Any CPU.ActiveCfg = Release|Any CPU
		{46AC999C-810B-4A39-AF4F-622B2477A957}.Release|Any CPU.Build.0 = Release|Any CPU
	EndGlobalSection
	GlobalSection(SolutionProperties) = preSolution
		HideSolutionNode = FALSE
	EndGlobalSection
	GlobalSection(ExtensibilityGlobals) = postSolution
		SolutionGuid = {CAAC000C-3AAB-4095-8B51-ECB8FE342881}
	EndGlobalSection
EndGlobal
